
Microsoft Visual Studio Solution File, Format Version 12.00
# Visual Studio 2013
VisualStudioVersion = 12.0.30501.0
MinimumVisualStudioVersion = 10.0.40219.1
Project("{FAE04EC0-301F-11D3-BF4B-00C04F79EFBC}") = "VeganWebApi", "VeganWebApi\VeganWebApi.csproj", "{A967B5E3-ABDF-4EFD-BF0F-52C54FCE7A01}"
EndProject
Project("{FAE04EC0-301F-11D3-BF4B-00C04F79EFBC}") = "VeganPhoneApp", "VeganPhoneApp\VeganPhoneApp.csproj", "{7C0FB2D1-FD63-4629-B3DC-01E1A2AD53CB}"
EndProject
Global
	GlobalSection(SolutionConfigurationPlatforms) = preSolution
		Debug|Any CPU = Debug|Any CPU
		Debug|ARM = Debug|ARM
		Debug|x86 = Debug|x86
		Release|Any CPU = Release|Any CPU
		Release|ARM = Release|ARM
		Release|x86 = Release|x86
	EndGlobalSection
	GlobalSection(ProjectConfigurationPlatforms) = postSolution
		{A967B5E3-ABDF-4EFD-BF0F-52C54FCE7A01}.Debug|Any CPU.ActiveCfg = Debug|Any CPU
		{A967B5E3-ABDF-4EFD-BF0F-52C54FCE7A01}.Debug|Any CPU.Build.0 = Debug|Any CPU
		{A967B5E3-ABDF-4EFD-BF0F-52C54FCE7A01}.Debug|ARM.ActiveCfg = Debug|Any CPU
		{A967B5E3-ABDF-4EFD-BF0F-52C54FCE7A01}.Debug|x86.ActiveCfg = Debug|Any CPU
		{A967B5E3-ABDF-4EFD-BF0F-52C54FCE7A01}.Release|Any CPU.ActiveCfg = Release|Any CPU
		{A967B5E3-ABDF-4EFD-BF0F-52C54FCE7A01}.Release|Any CPU.Build.0 = Release|Any CPU
		{A967B5E3-ABDF-4EFD-BF0F-52C54FCE7A01}.Release|ARM.ActiveCfg = Release|Any CPU
		{A967B5E3-ABDF-4EFD-BF0F-52C54FCE7A01}.Release|x86.ActiveCfg = Release|Any CPU
		{7C0FB2D1-FD63-4629-B3DC-01E1A2AD53CB}.Debug|Any CPU.ActiveCfg = Debug|Any CPU
		{7C0FB2D1-FD63-4629-B3DC-01E1A2AD53CB}.Debug|Any CPU.Build.0 = Debug|Any CPU
		{7C0FB2D1-FD63-4629-B3DC-01E1A2AD53CB}.Debug|Any CPU.Deploy.0 = Debug|Any CPU
		{7C0FB2D1-FD63-4629-B3DC-01E1A2AD53CB}.Debug|ARM.ActiveCfg = Debug|ARM
		{7C0FB2D1-FD63-4629-B3DC-01E1A2AD53CB}.Debug|ARM.Build.0 = Debug|ARM
		{7C0FB2D1-FD63-4629-B3DC-01E1A2AD53CB}.Debug|ARM.Deploy.0 = Debug|ARM
		{7C0FB2D1-FD63-4629-B3DC-01E1A2AD53CB}.Debug|x86.ActiveCfg = Debug|x86
		{7C0FB2D1-FD63-4629-B3DC-01E1A2AD53CB}.Debug|x86.Build.0 = Debug|x86
		{7C0FB2D1-FD63-4629-B3DC-01E1A2AD53CB}.Debug|x86.Deploy.0 = Debug|x86
		{7C0FB2D1-FD63-4629-B3DC-01E1A2AD53CB}.Release|Any CPU.ActiveCfg = Release|Any CPU
		{7C0FB2D1-FD63-4629-B3DC-01E1A2AD53CB}.Release|Any CPU.Build.0 = Release|Any CPU
		{7C0FB2D1-FD63-4629-B3DC-01E1A2AD53CB}.Release|Any CPU.Deploy.0 = Release|Any CPU
		{7C0FB2D1-FD63-4629-B3DC-01E1A2AD53CB}.Release|ARM.ActiveCfg = Release|ARM
		{7C0FB2D1-FD63-4629-B3DC-01E1A2AD53CB}.Release|ARM.Build.0 = Release|ARM
		{7C0FB2D1-FD63-4629-B3DC-01E1A2AD53CB}.Release|ARM.Deploy.0 = Release|ARM
		{7C0FB2D1-FD63-4629-B3DC-01E1A2AD53CB}.Release|x86.ActiveCfg = Release|x86
		{7C0FB2D1-FD63-4629-B3DC-01E1A2AD53CB}.Release|x86.Build.0 = Release|x86
		{7C0FB2D1-FD63-4629-B3DC-01E1A2AD53CB}.Release|x86.Deploy.0 = Release|x86
	EndGlobalSection
	GlobalSection(SolutionProperties) = preSolution
		HideSolutionNode = FALSE
	EndGlobalSection
EndGlobal
